
Microsoft Visual Studio Solution File, Format Version 12.00
# Visual Studio Version 17
VisualStudioVersion = 17.0.31903.59
MinimumVisualStudioVersion = 10.0.40219.1
Project("{FAE04EC0-301F-11D3-BF4B-00C04F79EFBC}") = "CoreLibrary", "CoreLibrary\CoreLibrary.csproj", "{2417685E-F71E-45BC-B7AE-B45A771E7F23}"
EndProject
Project("{FAE04EC0-301F-11D3-BF4B-00C04F79EFBC}") = "Game", "Game\Game.csproj", "{B08C4F24-FF6E-429C-B00A-50D96BD0D7B8}"
EndProject
Global
	GlobalSection(SolutionConfigurationPlatforms) = preSolution
		Debug|Any CPU = Debug|Any CPU
		Release|Any CPU = Release|Any CPU
	EndGlobalSection
	GlobalSection(SolutionProperties) = preSolution
		HideSolutionNode = FALSE
	EndGlobalSection
	GlobalSection(ProjectConfigurationPlatforms) = postSolution
		{2417685E-F71E-45BC-B7AE-B45A771E7F23}.Debug|Any CPU.ActiveCfg = Debug|Any CPU
		{2417685E-F71E-45BC-B7AE-B45A771E7F23}.Debug|Any CPU.Build.0 = Debug|Any CPU
		{2417685E-F71E-45BC-B7AE-B45A771E7F23}.Release|Any CPU.ActiveCfg = Release|Any CPU
		{2417685E-F71E-45BC-B7AE-B45A771E7F23}.Release|Any CPU.Build.0 = Release|Any CPU
		{B08C4F24-FF6E-429C-B00A-50D96BD0D7B8}.Debug|Any CPU.ActiveCfg = Debug|Any CPU
		{B08C4F24-FF6E-429C-B00A-50D96BD0D7B8}.Debug|Any CPU.Build.0 = Debug|Any CPU
		{B08C4F24-FF6E-429C-B00A-50D96BD0D7B8}.Release|Any CPU.ActiveCfg = Release|Any CPU
		{B08C4F24-FF6E-429C-B00A-50D96BD0D7B8}.Release|Any CPU.Build.0 = Release|Any CPU
	EndGlobalSection
EndGlobal
